
Microsoft Visual Studio Solution File, Format Version 12.00
# Visual Studio Version 17
VisualStudioVersion = 17.2.32602.215
MinimumVisualStudioVersion = 10.0.40219.1
Project("{FAE04EC0-301F-11D3-BF4B-00C04F79EFBC}") = "Calculadora", "Calculadora.csproj", "{1B33817D-7D75-4887-BC1B-6435DAA70877}"
EndProject
Global
	GlobalSection(SolutionConfigurationPlatforms) = preSolution
		Debug|Any CPU = Debug|Any CPU
		Release|Any CPU = Release|Any CPU
	EndGlobalSection
	GlobalSection(ProjectConfigurationPlatforms) = postSolution
		{1B33817D-7D75-4887-BC1B-6435DAA70877}.Debug|Any CPU.ActiveCfg = Debug|Any CPU
		{1B33817D-7D75-4887-BC1B-6435DAA70877}.Debug|Any CPU.Build.0 = Debug|Any CPU
		{1B33817D-7D75-4887-BC1B-6435DAA70877}.Release|Any CPU.ActiveCfg = Release|Any CPU
		{1B33817D-7D75-4887-BC1B-6435DAA70877}.Release|Any CPU.Build.0 = Release|Any CPU
	EndGlobalSection
	GlobalSection(SolutionProperties) = preSolution
		HideSolutionNode = FALSE
	EndGlobalSection
	GlobalSection(ExtensibilityGlobals) = postSolution
		SolutionGuid = {559C760D-24B2-4A29-AC22-A84A1F87BCDE}
	EndGlobalSection
EndGlobal
